
Microsoft Visual Studio Solution File, Format Version 12.00
# Visual Studio Version 18
VisualStudioVersion = 18.0.11104.47 d18.0
MinimumVisualStudioVersion = 10.0.40219.1
Project("{FAE04EC0-301F-11D3-BF4B-00C04F79EFBC}") = "LongbowWinUI", "ArmaReforgerServerToolWinUI\LongbowWinUI.csproj", "{4646EDDE-9014-456F-90A5-0EFAD1743E25}"
EndProject
Project("{9A19103F-16F7-4668-BE54-9A1E7A4F7556}") = "Longbow", "ArmaReforgerServerTool\Longbow.csproj", "{57B14DD9-F641-4987-AE66-387D1FC6E26B}"
EndProject
Global
	GlobalSection(SolutionConfigurationPlatforms) = preSolution
		Debug|Any CPU = Debug|Any CPU
		Debug|ARM64 = Debug|ARM64
		Debug|x64 = Debug|x64
		Debug|x86 = Debug|x86
		Release|Any CPU = Release|Any CPU
		Release|ARM64 = Release|ARM64
		Release|x64 = Release|x64
		Release|x86 = Release|x86
	EndGlobalSection
	GlobalSection(ProjectConfigurationPlatforms) = postSolution
		{4646EDDE-9014-456F-90A5-0EFAD1743E25}.Debug|Any CPU.ActiveCfg = Debug|x64
		{4646EDDE-9014-456F-90A5-0EFAD1743E25}.Debug|Any CPU.Build.0 = Debug|x64
		{4646EDDE-9014-456F-90A5-0EFAD1743E25}.Debug|Any CPU.Deploy.0 = Debug|x64
		{4646EDDE-9014-456F-90A5-0EFAD1743E25}.Debug|ARM64.ActiveCfg = Debug|x64
		{4646EDDE-9014-456F-90A5-0EFAD1743E25}.Debug|ARM64.Build.0 = Debug|x64
		{4646EDDE-9014-456F-90A5-0EFAD1743E25}.Debug|ARM64.Deploy.0 = Debug|x64
		{4646EDDE-9014-456F-90A5-0EFAD1743E25}.Debug|x64.ActiveCfg = Debug|x64
		{4646EDDE-9014-456F-90A5-0EFAD1743E25}.Debug|x64.Build.0 = Debug|x64
		{4646EDDE-9014-456F-90A5-0EFAD1743E25}.Debug|x64.Deploy.0 = Debug|x64
		{4646EDDE-9014-456F-90A5-0EFAD1743E25}.Debug|x86.ActiveCfg = Debug|x86
		{4646EDDE-9014-456F-90A5-0EFAD1743E25}.Debug|x86.Build.0 = Debug|x86
		{4646EDDE-9014-456F-90A5-0EFAD1743E25}.Debug|x86.Deploy.0 = Debug|x86
		{4646EDDE-9014-456F-90A5-0EFAD1743E25}.Release|Any CPU.ActiveCfg = Release|x64
		{4646EDDE-9014-456F-90A5-0EFAD1743E25}.Release|Any CPU.Build.0 = Release|x64
		{4646EDDE-9014-456F-90A5-0EFAD1743E25}.Release|Any CPU.Deploy.0 = Release|x64
		{4646EDDE-9014-456F-90A5-0EFAD1743E25}.Release|ARM64.ActiveCfg = Release|x64
		{4646EDDE-9014-456F-90A5-0EFAD1743E25}.Release|ARM64.Build.0 = Release|x64
		{4646EDDE-9014-456F-90A5-0EFAD1743E25}.Release|ARM64.Deploy.0 = Release|x64
		{4646EDDE-9014-456F-90A5-0EFAD1743E25}.Release|x64.ActiveCfg = Release|x64
		{4646EDDE-9014-456F-90A5-0EFAD1743E25}.Release|x64.Build.0 = Release|x64
		{4646EDDE-9014-456F-90A5-0EFAD1743E25}.Release|x64.Deploy.0 = Release|x64
		{4646EDDE-9014-456F-90A5-0EFAD1743E25}.Release|x86.ActiveCfg = Release|x86
		{4646EDDE-9014-456F-90A5-0EFAD1743E25}.Release|x86.Build.0 = Release|x86
		{4646EDDE-9014-456F-90A5-0EFAD1743E25}.Release|x86.Deploy.0 = Release|x86
		{57B14DD9-F641-4987-AE66-387D1FC6E26B}.Debug|Any CPU.ActiveCfg = Debug|Any CPU
		{57B14DD9-F641-4987-AE66-387D1FC6E26B}.Debug|Any CPU.Build.0 = Debug|Any CPU
		{57B14DD9-F641-4987-AE66-387D1FC6E26B}.Debug|ARM64.ActiveCfg = Debug|Any CPU
		{57B14DD9-F641-4987-AE66-387D1FC6E26B}.Debug|ARM64.Build.0 = Debug|Any CPU
		{57B14DD9-F641-4987-AE66-387D1FC6E26B}.Debug|x64.ActiveCfg = Debug|Any CPU
		{57B14DD9-F641-4987-AE66-387D1FC6E26B}.Debug|x64.Build.0 = Debug|Any CPU
		{57B14DD9-F641-4987-AE66-387D1FC6E26B}.Debug|x86.ActiveCfg = Debug|Any CPU
		{57B14DD9-F641-4987-AE66-387D1FC6E26B}.Debug|x86.Build.0 = Debug|Any CPU
		{57B14DD9-F641-4987-AE66-387D1FC6E26B}.Release|Any CPU.ActiveCfg = Release|Any CPU
		{57B14DD9-F641-4987-AE66-387D1FC6E26B}.Release|Any CPU.Build.0 = Release|Any CPU
		{57B14DD9-F641-4987-AE66-387D1FC6E26B}.Release|ARM64.ActiveCfg = Release|Any CPU
		{57B14DD9-F641-4987-AE66-387D1FC6E26B}.Release|ARM64.Build.0 = Release|Any CPU
		{57B14DD9-F641-4987-AE66-387D1FC6E26B}.Release|x64.ActiveCfg = Release|Any CPU
		{57B14DD9-F641-4987-AE66-387D1FC6E26B}.Release|x64.Build.0 = Release|Any CPU
		{57B14DD9-F641-4987-AE66-387D1FC6E26B}.Release|x86.ActiveCfg = Release|Any CPU
		{57B14DD9-F641-4987-AE66-387D1FC6E26B}.Release|x86.Build.0 = Release|Any CPU
	EndGlobalSection
	GlobalSection(SolutionProperties) = preSolution
		HideSolutionNode = FALSE
	EndGlobalSection
	GlobalSection(ExtensibilityGlobals) = postSolution
		SolutionGuid = {F1CE606E-614D-4144-B653-997F17DE72A3}
	EndGlobalSection
EndGlobal
