
Microsoft Visual Studio Solution File, Format Version 12.00
# Visual Studio Version 17
VisualStudioVersion = 17.2.32210.308
MinimumVisualStudioVersion = 10.0.40219.1
Project("{9A19103F-16F7-4668-BE54-9A1E7A4F7556}") = "ReforgerServerApp", "ReforgerServerApp.csproj", "{57B14DD9-F641-4987-AE66-387D1FC6E26B}"
EndProject
Global
	GlobalSection(SolutionConfigurationPlatforms) = preSolution
		Debug|Any CPU = Debug|Any CPU
		Release|Any CPU = Release|Any CPU
	EndGlobalSection
	GlobalSection(ProjectConfigurationPlatforms) = postSolution
		{57B14DD9-F641-4987-AE66-387D1FC6E26B}.Debug|Any CPU.ActiveCfg = Debug|Any CPU
		{57B14DD9-F641-4987-AE66-387D1FC6E26B}.Debug|Any CPU.Build.0 = Debug|Any CPU
		{57B14DD9-F641-4987-AE66-387D1FC6E26B}.Release|Any CPU.ActiveCfg = Release|Any CPU
		{57B14DD9-F641-4987-AE66-387D1FC6E26B}.Release|Any CPU.Build.0 = Release|Any CPU
	EndGlobalSection
	GlobalSection(SolutionProperties) = preSolution
		HideSolutionNode = FALSE
	EndGlobalSection
	GlobalSection(ExtensibilityGlobals) = postSolution
		SolutionGuid = {F1CE606E-614D-4144-B653-997F17DE72A3}
	EndGlobalSection
EndGlobal
